// !$*UTF8*$!
{
	archiveVersion = 1;
	classes = {
	};
	objectVersion = 63;
	objects = {

/* Begin PBXBuildFile section */
		A1B2C3D4E5F60001AABB0001 /* TimeTrackingViewModelTests.swift in Sources */ = {isa = PBXBuildFile; fileRef = A1B2C3D4E5F60001AABB0011 /* TimeTrackingViewModelTests.swift */; };
		A1B2C3D4E5F60001AABB0002 /* SyncEngineTests.swift in Sources */ = {isa = PBXBuildFile; fileRef = A1B2C3D4E5F60001AABB0012 /* SyncEngineTests.swift */; };
		021A49003C423339B404B732 /* TimeInterval+Display.swift in Sources */ = {isa = PBXBuildFile; fileRef = 1892D67A1E24C491106FFC89 /* TimeInterval+Display.swift */; };
		05449BE83C8847B740A9E292 /* ActiveSessionCard.swift in Sources */ = {isa = PBXBuildFile; fileRef = 72E725FD736191CB6C8D28A1 /* ActiveSessionCard.swift */; };
		07D1CAEBF1E1647330CFD021 /* AuthManager.swift in Sources */ = {isa = PBXBuildFile; fileRef = 45FE9957A7650F0AB4D6AA26 /* AuthManager.swift */; };
		0F3203C76390D9C153575805 /* OfflineBanner.swift in Sources */ = {isa = PBXBuildFile; fileRef = 412F3A4ED5D1544480AF1A26 /* OfflineBanner.swift */; };
		1356A1DD0CF0F7CB01C757B1 /* SyncEngine.swift in Sources */ = {isa = PBXBuildFile; fileRef = 6CAE0BEFF097B5C8E9EB99AC /* SyncEngine.swift */; };
		16BFBCC7A682EE173CBFFF64 /* APIClient+Endpoints.swift in Sources */ = {isa = PBXBuildFile; fileRef = 0FE0295825FA90BC871AC6B9 /* APIClient+Endpoints.swift */; };
		195E98357F9673C32F489B52 /* SyncStatusView.swift in Sources */ = {isa = PBXBuildFile; fileRef = 84B76C2F4CE3E7FC7C7722FC /* SyncStatusView.swift */; };
		22800BDAA875754ECFE6AD35 /* TimerDisplay.swift in Sources */ = {isa = PBXBuildFile; fileRef = 5726B94F4B0F38148D9DC718 /* TimerDisplay.swift */; };
		31CA259B1B23B1D3DD9C906A /* LoginView.swift in Sources */ = {isa = PBXBuildFile; fileRef = 767F1295F6C3A8D77D6AA4E8 /* LoginView.swift */; };
		335960C5ED7F81D401279049 /* PersistenceManager.swift in Sources */ = {isa = PBXBuildFile; fileRef = 5215300DB76BBDD4AE0F5927 /* PersistenceManager.swift */; };
		37A6529E278EDBD4E765F3C7 /* APIClient.swift in Sources */ = {isa = PBXBuildFile; fileRef = 4970B650749C82224F363B23 /* APIClient.swift */; };
		4A69BCBD69BC0F5F7E3FE926 /* NetworkMonitor.swift in Sources */ = {isa = PBXBuildFile; fileRef = 0689471860148EFA293D79F4 /* NetworkMonitor.swift */; };
		4E56572F3C93C2D72E7DA67A /* ArbZGBanner.swift in Sources */ = {isa = PBXBuildFile; fileRef = 1C9ED2C1A0B61425F37A5CE3 /* ArbZGBanner.swift */; };
		51918A9E0B17F98D126BE6D9 /* MSAL in Frameworks */ = {isa = PBXBuildFile; productRef = 648193C838457B6E9ADD222E /* MSAL */; };
		53721414EC854EFFB3EEFA74 /* Configuration.swift in Sources */ = {isa = PBXBuildFile; fileRef = C465D82193A665CCA68F39B2 /* Configuration.swift */; };
		555A41C0126C505F2052FE74 /* ServiceContainer.swift in Sources */ = {isa = PBXBuildFile; fileRef = EA2382D2605E549B113A3135 /* ServiceContainer.swift */; };
		90811DEE84DED92DBD831562 /* FakturusTrackApp.swift in Sources */ = {isa = PBXBuildFile; fileRef = 5C64A213550044FE66924E2E /* FakturusTrackApp.swift */; };
		90813EB11DE08CAFFACD338C /* ContentView.swift in Sources */ = {isa = PBXBuildFile; fileRef = 3D13F6A118D54E4FFADFD26A /* ContentView.swift */; };
		947002DEDE7AAE37B00D6705 /* PlaceholderView.swift in Sources */ = {isa = PBXBuildFile; fileRef = A1697E6228C5FAC8F3EA8009 /* PlaceholderView.swift */; };
		99545DE75389448DC7BE720A /* DTOs.swift in Sources */ = {isa = PBXBuildFile; fileRef = 850C18AC8DF64DBE44563BAA /* DTOs.swift */; };
		BE1F3B2E7C4C0C685C04AF33 /* UserSettings.swift in Sources */ = {isa = PBXBuildFile; fileRef = 7C3A9D76E4F1B5588CA571B5 /* UserSettings.swift */; };
		BFD2700690317384024EFCCB /* InitialSyncView.swift in Sources */ = {isa = PBXBuildFile; fileRef = 9F4700D86C5773312D5E32BF /* InitialSyncView.swift */; };
		C04AD32B808E91EEAF520537 /* SessionRow.swift in Sources */ = {isa = PBXBuildFile; fileRef = EDA6A6E63E906A98178262A7 /* SessionRow.swift */; };
		C42EF84FD21D0E583D008057 /* Theme.swift in Sources */ = {isa = PBXBuildFile; fileRef = 9005D3E840DADDBF0DF197BE /* Theme.swift */; };
		CC66D77D06DA01AF305D9A36 /* AppState.swift in Sources */ = {isa = PBXBuildFile; fileRef = 2BDF5F515CDBDC0984B764A1 /* AppState.swift */; };
		D578EA4B178F26018C1747CD /* TimeTrackingViewModel.swift in Sources */ = {isa = PBXBuildFile; fileRef = 35181029413C4382F25E1722 /* TimeTrackingViewModel.swift */; };
		D76D1C2ABA8B481AD48CC0E9 /* PendingDelete.swift in Sources */ = {isa = PBXBuildFile; fileRef = 719D9B8A416F3837CC3AA702 /* PendingDelete.swift */; };
		DCCAA63E8648E16042862744 /* MonthGroup.swift in Sources */ = {isa = PBXBuildFile; fileRef = 092491487764048D312D90BB /* MonthGroup.swift */; };
		E05E76AE7940CAAD510B318A /* VacationDay.swift in Sources */ = {isa = PBXBuildFile; fileRef = 1E997861C6833E941C4FFB23 /* VacationDay.swift */; };
		E400C8538C5FC25949A2D04B /* TimeTrackingView.swift in Sources */ = {isa = PBXBuildFile; fileRef = C1CE30F6AB06D3DD3ACB314E /* TimeTrackingView.swift */; };
		E4CE68D066CD7C6FA88D5D42 /* SessionDetailSheet.swift in Sources */ = {isa = PBXBuildFile; fileRef = 76A6ED3B7E9BE2236C5B0A76 /* SessionDetailSheet.swift */; };
		E8D3DCA1D29484B3202E6284 /* WorkSession.swift in Sources */ = {isa = PBXBuildFile; fileRef = F39A60E935AE7BC66A84E63B /* WorkSession.swift */; };
		F4346A4E82B4662E16C46BB9 /* Date+Formatting.swift in Sources */ = {isa = PBXBuildFile; fileRef = 970611F0570A0A12991C3DCF /* Date+Formatting.swift */; };
		P2A001B001 /* HolidayCalculator.swift in Sources */ = {isa = PBXBuildFile; fileRef = P2A001F001 /* HolidayCalculator.swift */; };
		P2A001B002 /* WorkdaySelector.swift in Sources */ = {isa = PBXBuildFile; fileRef = P2A001F002 /* WorkdaySelector.swift */; };
		P2A001B003 /* BundeslandPicker.swift in Sources */ = {isa = PBXBuildFile; fileRef = P2A001F003 /* BundeslandPicker.swift */; };
		P2A001B004 /* OvertimeCard.swift in Sources */ = {isa = PBXBuildFile; fileRef = P2A001F004 /* OvertimeCard.swift */; };
		P2A001B005 /* VacationCalendar.swift in Sources */ = {isa = PBXBuildFile; fileRef = P2A001F005 /* VacationCalendar.swift */; };
		P2A001B006 /* SchoolHolidayPeriod.swift in Sources */ = {isa = PBXBuildFile; fileRef = P2A001F006 /* SchoolHolidayPeriod.swift */; };
		P2A001B007 /* SettingsView.swift in Sources */ = {isa = PBXBuildFile; fileRef = P2A001F007 /* SettingsView.swift */; };
		P2A001B008 /* SettingsViewModel.swift in Sources */ = {isa = PBXBuildFile; fileRef = P2A001F008 /* SettingsViewModel.swift */; };
		P2A001B009 /* SchoolHolidaysScreen.swift in Sources */ = {isa = PBXBuildFile; fileRef = P2A001F009 /* SchoolHolidaysScreen.swift */; };
		P2A001B010 /* VacationScreen.swift in Sources */ = {isa = PBXBuildFile; fileRef = P2A001F010 /* VacationScreen.swift */; };
		P2A001B011 /* VacationViewModel.swift in Sources */ = {isa = PBXBuildFile; fileRef = P2A001F011 /* VacationViewModel.swift */; };
		P2A001B012 /* OverviewScreen.swift in Sources */ = {isa = PBXBuildFile; fileRef = P2A001F012 /* OverviewScreen.swift */; };
		P2A001B013 /* OverviewViewModel.swift in Sources */ = {isa = PBXBuildFile; fileRef = P2A001F013 /* OverviewViewModel.swift */; };
		P2A001B014 /* MonthlyOvertimeTable.swift in Sources */ = {isa = PBXBuildFile; fileRef = P2A001F014 /* MonthlyOvertimeTable.swift */; };
		E04A001B001 /* SickDay.swift in Sources */ = {isa = PBXBuildFile; fileRef = E04A001F001 /* SickDay.swift */; };
		E06A001B001 /* PDFReportGenerator.swift in Sources */ = {isa = PBXBuildFile; fileRef = E06A001F001 /* PDFReportGenerator.swift */; };
		E06A001B002 /* CSVExporter.swift in Sources */ = {isa = PBXBuildFile; fileRef = E06A001F002 /* CSVExporter.swift */; };
/* End PBXBuildFile section */

/* Begin PBXContainerItemProxy section */
		59998CB5AA955B8BCE6FF3F9 /* PBXContainerItemProxy */ = {
			isa = PBXContainerItemProxy;
			containerPortal = 349EC462A67D3778746C936A /* Project object */;
			proxyType = 1;
			remoteGlobalIDString = 8B1ED4FE8BCFFE644AE5B5A2;
			remoteInfo = FakturusTrack;
		};
/* End PBXContainerItemProxy section */

/* Begin PBXFileReference section */
		A1B2C3D4E5F60001AABB0011 /* TimeTrackingViewModelTests.swift */ = {isa = PBXFileReference; lastKnownFileType = sourcecode.swift; path = TimeTrackingViewModelTests.swift; sourceTree = "<group>"; };
		A1B2C3D4E5F60001AABB0012 /* SyncEngineTests.swift */ = {isa = PBXFileReference; lastKnownFileType = sourcecode.swift; path = SyncEngineTests.swift; sourceTree = "<group>"; };
		0689471860148EFA293D79F4 /* NetworkMonitor.swift */ = {isa = PBXFileReference; lastKnownFileType = sourcecode.swift; path = NetworkMonitor.swift; sourceTree = "<group>"; };
		092491487764048D312D90BB /* MonthGroup.swift */ = {isa = PBXFileReference; lastKnownFileType = sourcecode.swift; path = MonthGroup.swift; sourceTree = "<group>"; };
		0FE0295825FA90BC871AC6B9 /* APIClient+Endpoints.swift */ = {isa = PBXFileReference; lastKnownFileType = sourcecode.swift; path = "APIClient+Endpoints.swift"; sourceTree = "<group>"; };
		1892D67A1E24C491106FFC89 /* TimeInterval+Display.swift */ = {isa = PBXFileReference; lastKnownFileType = sourcecode.swift; path = "TimeInterval+Display.swift"; sourceTree = "<group>"; };
		1C9ED2C1A0B61425F37A5CE3 /* ArbZGBanner.swift */ = {isa = PBXFileReference; lastKnownFileType = sourcecode.swift; path = ArbZGBanner.swift; sourceTree = "<group>"; };
		1E997861C6833E941C4FFB23 /* VacationDay.swift */ = {isa = PBXFileReference; lastKnownFileType = sourcecode.swift; path = VacationDay.swift; sourceTree = "<group>"; };
		28D414AAD4A875A991AC74D6 /* FakturusTrack.app */ = {isa = PBXFileReference; explicitFileType = wrapper.application; includeInIndex = 0; path = FakturusTrack.app; sourceTree = BUILT_PRODUCTS_DIR; };
		2BDF5F515CDBDC0984B764A1 /* AppState.swift */ = {isa = PBXFileReference; lastKnownFileType = sourcecode.swift; path = AppState.swift; sourceTree = "<group>"; };
		35181029413C4382F25E1722 /* TimeTrackingViewModel.swift */ = {isa = PBXFileReference; lastKnownFileType = sourcecode.swift; path = TimeTrackingViewModel.swift; sourceTree = "<group>"; };
		3D13F6A118D54E4FFADFD26A /* ContentView.swift */ = {isa = PBXFileReference; lastKnownFileType = sourcecode.swift; path = ContentView.swift; sourceTree = "<group>"; };
		412F3A4ED5D1544480AF1A26 /* OfflineBanner.swift */ = {isa = PBXFileReference; lastKnownFileType = sourcecode.swift; path = OfflineBanner.swift; sourceTree = "<group>"; };
		439B2F7941F0397F8F28DC19 /* FakturusTrackTests.xctest */ = {isa = PBXFileReference; includeInIndex = 0; lastKnownFileType = wrapper.cfbundle; path = FakturusTrackTests.xctest; sourceTree = BUILT_PRODUCTS_DIR; };
		45FE9957A7650F0AB4D6AA26 /* AuthManager.swift */ = {isa = PBXFileReference; lastKnownFileType = sourcecode.swift; path = AuthManager.swift; sourceTree = "<group>"; };
		4970B650749C82224F363B23 /* APIClient.swift */ = {isa = PBXFileReference; lastKnownFileType = sourcecode.swift; path = APIClient.swift; sourceTree = "<group>"; };
		5215300DB76BBDD4AE0F5927 /* PersistenceManager.swift */ = {isa = PBXFileReference; lastKnownFileType = sourcecode.swift; path = PersistenceManager.swift; sourceTree = "<group>"; };
		5726B94F4B0F38148D9DC718 /* TimerDisplay.swift */ = {isa = PBXFileReference; lastKnownFileType = sourcecode.swift; path = TimerDisplay.swift; sourceTree = "<group>"; };
		58EE0319B593C74CA8D0555C /* FakturusTrack.entitlements */ = {isa = PBXFileReference; lastKnownFileType = text.plist.entitlements; path = FakturusTrack.entitlements; sourceTree = "<group>"; };
		5C64A213550044FE66924E2E /* FakturusTrackApp.swift */ = {isa = PBXFileReference; lastKnownFileType = sourcecode.swift; path = FakturusTrackApp.swift; sourceTree = "<group>"; };
		6CAE0BEFF097B5C8E9EB99AC /* SyncEngine.swift */ = {isa = PBXFileReference; lastKnownFileType = sourcecode.swift; path = SyncEngine.swift; sourceTree = "<group>"; };
		719D9B8A416F3837CC3AA702 /* PendingDelete.swift */ = {isa = PBXFileReference; lastKnownFileType = sourcecode.swift; path = PendingDelete.swift; sourceTree = "<group>"; };
		72E725FD736191CB6C8D28A1 /* ActiveSessionCard.swift */ = {isa = PBXFileReference; lastKnownFileType = sourcecode.swift; path = ActiveSessionCard.swift; sourceTree = "<group>"; };
		767F1295F6C3A8D77D6AA4E8 /* LoginView.swift */ = {isa = PBXFileReference; lastKnownFileType = sourcecode.swift; path = LoginView.swift; sourceTree = "<group>"; };
		76A6ED3B7E9BE2236C5B0A76 /* SessionDetailSheet.swift */ = {isa = PBXFileReference; lastKnownFileType = sourcecode.swift; path = SessionDetailSheet.swift; sourceTree = "<group>"; };
		7C3A9D76E4F1B5588CA571B5 /* UserSettings.swift */ = {isa = PBXFileReference; lastKnownFileType = sourcecode.swift; path = UserSettings.swift; sourceTree = "<group>"; };
		84B76C2F4CE3E7FC7C7722FC /* SyncStatusView.swift */ = {isa = PBXFileReference; lastKnownFileType = sourcecode.swift; path = SyncStatusView.swift; sourceTree = "<group>"; };
		850C18AC8DF64DBE44563BAA /* DTOs.swift */ = {isa = PBXFileReference; lastKnownFileType = sourcecode.swift; path = DTOs.swift; sourceTree = "<group>"; };
		9005D3E840DADDBF0DF197BE /* Theme.swift */ = {isa = PBXFileReference; lastKnownFileType = sourcecode.swift; path = Theme.swift; sourceTree = "<group>"; };
		970611F0570A0A12991C3DCF /* Date+Formatting.swift */ = {isa = PBXFileReference; lastKnownFileType = sourcecode.swift; path = "Date+Formatting.swift"; sourceTree = "<group>"; };
		9F4700D86C5773312D5E32BF /* InitialSyncView.swift */ = {isa = PBXFileReference; lastKnownFileType = sourcecode.swift; path = InitialSyncView.swift; sourceTree = "<group>"; };
		A1697E6228C5FAC8F3EA8009 /* PlaceholderView.swift */ = {isa = PBXFileReference; lastKnownFileType = sourcecode.swift; path = PlaceholderView.swift; sourceTree = "<group>"; };
		C1CE30F6AB06D3DD3ACB314E /* TimeTrackingView.swift */ = {isa = PBXFileReference; lastKnownFileType = sourcecode.swift; path = TimeTrackingView.swift; sourceTree = "<group>"; };
		C465D82193A665CCA68F39B2 /* Configuration.swift */ = {isa = PBXFileReference; lastKnownFileType = sourcecode.swift; path = Configuration.swift; sourceTree = "<group>"; };
		C4E53CB47358DAF6E8B88370 /* .gitkeep */ = {isa = PBXFileReference; lastKnownFileType = text; path = .gitkeep; sourceTree = "<group>"; };
		EA2382D2605E549B113A3135 /* ServiceContainer.swift */ = {isa = PBXFileReference; lastKnownFileType = sourcecode.swift; path = ServiceContainer.swift; sourceTree = "<group>"; };
		EDA6A6E63E906A98178262A7 /* SessionRow.swift */ = {isa = PBXFileReference; lastKnownFileType = sourcecode.swift; path = SessionRow.swift; sourceTree = "<group>"; };
		EEF4AB844B110B77118841A9 /* Info.plist */ = {isa = PBXFileReference; lastKnownFileType = text.plist; path = Info.plist; sourceTree = "<group>"; };
		F39A60E935AE7BC66A84E63B /* WorkSession.swift */ = {isa = PBXFileReference; lastKnownFileType = sourcecode.swift; path = WorkSession.swift; sourceTree = "<group>"; };
		P2A001F001 /* HolidayCalculator.swift */ = {isa = PBXFileReference; lastKnownFileType = sourcecode.swift; path = HolidayCalculator.swift; sourceTree = "<group>"; };
		P2A001F002 /* WorkdaySelector.swift */ = {isa = PBXFileReference; lastKnownFileType = sourcecode.swift; path = WorkdaySelector.swift; sourceTree = "<group>"; };
		P2A001F003 /* BundeslandPicker.swift */ = {isa = PBXFileReference; lastKnownFileType = sourcecode.swift; path = BundeslandPicker.swift; sourceTree = "<group>"; };
		P2A001F004 /* OvertimeCard.swift */ = {isa = PBXFileReference; lastKnownFileType = sourcecode.swift; path = OvertimeCard.swift; sourceTree = "<group>"; };
		P2A001F005 /* VacationCalendar.swift */ = {isa = PBXFileReference; lastKnownFileType = sourcecode.swift; path = VacationCalendar.swift; sourceTree = "<group>"; };
		P2A001F006 /* SchoolHolidayPeriod.swift */ = {isa = PBXFileReference; lastKnownFileType = sourcecode.swift; path = SchoolHolidayPeriod.swift; sourceTree = "<group>"; };
		P2A001F007 /* SettingsView.swift */ = {isa = PBXFileReference; lastKnownFileType = sourcecode.swift; path = SettingsView.swift; sourceTree = "<group>"; };
		P2A001F008 /* SettingsViewModel.swift */ = {isa = PBXFileReference; lastKnownFileType = sourcecode.swift; path = SettingsViewModel.swift; sourceTree = "<group>"; };
		P2A001F009 /* SchoolHolidaysScreen.swift */ = {isa = PBXFileReference; lastKnownFileType = sourcecode.swift; path = SchoolHolidaysScreen.swift; sourceTree = "<group>"; };
		P2A001F010 /* VacationScreen.swift */ = {isa = PBXFileReference; lastKnownFileType = sourcecode.swift; path = VacationScreen.swift; sourceTree = "<group>"; };
		P2A001F011 /* VacationViewModel.swift */ = {isa = PBXFileReference; lastKnownFileType = sourcecode.swift; path = VacationViewModel.swift; sourceTree = "<group>"; };
		P2A001F012 /* OverviewScreen.swift */ = {isa = PBXFileReference; lastKnownFileType = sourcecode.swift; path = OverviewScreen.swift; sourceTree = "<group>"; };
		P2A001F013 /* OverviewViewModel.swift */ = {isa = PBXFileReference; lastKnownFileType = sourcecode.swift; path = OverviewViewModel.swift; sourceTree = "<group>"; };
		P2A001F014 /* MonthlyOvertimeTable.swift */ = {isa = PBXFileReference; lastKnownFileType = sourcecode.swift; path = MonthlyOvertimeTable.swift; sourceTree = "<group>"; };
		E04A001F001 /* SickDay.swift */ = {isa = PBXFileReference; lastKnownFileType = sourcecode.swift; path = SickDay.swift; sourceTree = "<group>"; };
		E06A001F001 /* PDFReportGenerator.swift */ = {isa = PBXFileReference; lastKnownFileType = sourcecode.swift; path = PDFReportGenerator.swift; sourceTree = "<group>"; };
		E06A001F002 /* CSVExporter.swift */ = {isa = PBXFileReference; lastKnownFileType = sourcecode.swift; path = CSVExporter.swift; sourceTree = "<group>"; };
/* End PBXFileReference section */

/* Begin PBXFrameworksBuildPhase section */
		59D53D3B1B5D2FC67C92B0A3 /* Frameworks */ = {
			isa = PBXFrameworksBuildPhase;
			buildActionMask = 2147483647;
			files = (
				51918A9E0B17F98D126BE6D9 /* MSAL in Frameworks */,
			);
			runOnlyForDeploymentPostprocessing = 0;
		};
/* End PBXFrameworksBuildPhase section */

/* Begin PBXGroup section */
		036FAB36C6BFC195354389AC /* Network */ = {
			isa = PBXGroup;
			children = (
				0689471860148EFA293D79F4 /* NetworkMonitor.swift */,
			);
			path = Network;
			sourceTree = "<group>";
		};
		1BF2668E95B4F52B60C1261C /* Models */ = {
			isa = PBXGroup;
			children = (
				850C18AC8DF64DBE44563BAA /* DTOs.swift */,
				719D9B8A416F3837CC3AA702 /* PendingDelete.swift */,
				5215300DB76BBDD4AE0F5927 /* PersistenceManager.swift */,
				P2A001F006 /* SchoolHolidayPeriod.swift */,
				E04A001F001 /* SickDay.swift */,
				7C3A9D76E4F1B5588CA571B5 /* UserSettings.swift */,
				1E997861C6833E941C4FFB23 /* VacationDay.swift */,
				F39A60E935AE7BC66A84E63B /* WorkSession.swift */,
			);
			path = Models;
			sourceTree = "<group>";
		};
		29BCA0AD99E1253D2CFC9276 /* FakturusTrackTests */ = {
			isa = PBXGroup;
			children = (
				C4E53CB47358DAF6E8B88370 /* .gitkeep */,
				A1B2C3D4E5F60001AABB0011 /* TimeTrackingViewModelTests.swift */,
				A1B2C3D4E5F60001AABB0012 /* SyncEngineTests.swift */,
			);
			path = FakturusTrackTests;
			sourceTree = "<group>";
		};
		2F9FA4DCFEE32E9287DD4CA1 /* API */ = {
			isa = PBXGroup;
			children = (
				4970B650749C82224F363B23 /* APIClient.swift */,
				0FE0295825FA90BC871AC6B9 /* APIClient+Endpoints.swift */,
			);
			path = API;
			sourceTree = "<group>";
		};
		30A50FBE916A98C4C013B1FF /* TimeTracking */ = {
			isa = PBXGroup;
			children = (
				72E725FD736191CB6C8D28A1 /* ActiveSessionCard.swift */,
				092491487764048D312D90BB /* MonthGroup.swift */,
				76A6ED3B7E9BE2236C5B0A76 /* SessionDetailSheet.swift */,
				EDA6A6E63E906A98178262A7 /* SessionRow.swift */,
				5726B94F4B0F38148D9DC718 /* TimerDisplay.swift */,
				C1CE30F6AB06D3DD3ACB314E /* TimeTrackingView.swift */,
				35181029413C4382F25E1722 /* TimeTrackingViewModel.swift */,
			);
			path = TimeTracking;
			sourceTree = "<group>";
		};
		5CE971E2046C6F255CC0997E /* FakturusTrack */ = {
			isa = PBXGroup;
			children = (
				58EE0319B593C74CA8D0555C /* FakturusTrack.entitlements */,
				EEF4AB844B110B77118841A9 /* Info.plist */,
				C2ECF985E33FC28ACC3EFD01 /* App */,
				DBA1E2AFF3428A59A1137CBE /* Extensions */,
				76A430A22FDF94F33F0DF00A /* Features */,
				1BF2668E95B4F52B60C1261C /* Models */,
				63FBF08AA035670D40405954 /* Services */,
				73CEBC3F2D735ED58BEC932A /* Shared */,
			);
			path = FakturusTrack;
			sourceTree = "<group>";
		};
		63FBF08AA035670D40405954 /* Services */ = {
			isa = PBXGroup;
			children = (
				2F9FA4DCFEE32E9287DD4CA1 /* API */,
				A8182EF0BA4C5C2854BE2A3F /* Auth */,
				E06A001G001 /* Export */,
				036FAB36C6BFC195354389AC /* Network */,
				C30F3429F66DDDC989FD5ED4 /* Sync */,
			);
			path = Services;
			sourceTree = "<group>";
		};
		E06A001G001 /* Export */ = {
			isa = PBXGroup;
			children = (
				E06A001F002 /* CSVExporter.swift */,
				E06A001F001 /* PDFReportGenerator.swift */,
			);
			path = Export;
			sourceTree = "<group>";
		};
		73CEBC3F2D735ED58BEC932A /* Shared */ = {
			isa = PBXGroup;
			children = (
				1C9ED2C1A0B61425F37A5CE3 /* ArbZGBanner.swift */,
				9F4700D86C5773312D5E32BF /* InitialSyncView.swift */,
				412F3A4ED5D1544480AF1A26 /* OfflineBanner.swift */,
				84B76C2F4CE3E7FC7C7722FC /* SyncStatusView.swift */,
				P2A001F003 /* BundeslandPicker.swift */,
				P2A001F001 /* HolidayCalculator.swift */,
				P2A001F004 /* OvertimeCard.swift */,
				P2A001F005 /* VacationCalendar.swift */,
				P2A001F002 /* WorkdaySelector.swift */,
			);
			path = Shared;
			sourceTree = "<group>";
		};
		76A430A22FDF94F33F0DF00A /* Features */ = {
			isa = PBXGroup;
			children = (
				CD74B6CE333F1EAADE418C2A /* Auth */,
				P2A001G003 /* Overview */,
				P2A001G001 /* Settings */,
				F758047FCBA3A1606D5EF7D1 /* Shell */,
				30A50FBE916A98C4C013B1FF /* TimeTracking */,
				P2A001G002 /* Vacation */,
			);
			path = Features;
			sourceTree = "<group>";
		};
		A8182EF0BA4C5C2854BE2A3F /* Auth */ = {
			isa = PBXGroup;
			children = (
				45FE9957A7650F0AB4D6AA26 /* AuthManager.swift */,
			);
			path = Auth;
			sourceTree = "<group>";
		};
		C2ECF985E33FC28ACC3EFD01 /* App */ = {
			isa = PBXGroup;
			children = (
				2BDF5F515CDBDC0984B764A1 /* AppState.swift */,
				C465D82193A665CCA68F39B2 /* Configuration.swift */,
				5C64A213550044FE66924E2E /* FakturusTrackApp.swift */,
				EA2382D2605E549B113A3135 /* ServiceContainer.swift */,
				9005D3E840DADDBF0DF197BE /* Theme.swift */,
			);
			path = App;
			sourceTree = "<group>";
		};
		C30F3429F66DDDC989FD5ED4 /* Sync */ = {
			isa = PBXGroup;
			children = (
				6CAE0BEFF097B5C8E9EB99AC /* SyncEngine.swift */,
			);
			path = Sync;
			sourceTree = "<group>";
		};
		CD74B6CE333F1EAADE418C2A /* Auth */ = {
			isa = PBXGroup;
			children = (
				767F1295F6C3A8D77D6AA4E8 /* LoginView.swift */,
			);
			path = Auth;
			sourceTree = "<group>";
		};
		DBA1E2AFF3428A59A1137CBE /* Extensions */ = {
			isa = PBXGroup;
			children = (
				970611F0570A0A12991C3DCF /* Date+Formatting.swift */,
				1892D67A1E24C491106FFC89 /* TimeInterval+Display.swift */,
			);
			path = Extensions;
			sourceTree = "<group>";
		};
		DC2E622F9ACA568816957586 /* Products */ = {
			isa = PBXGroup;
			children = (
				28D414AAD4A875A991AC74D6 /* FakturusTrack.app */,
				439B2F7941F0397F8F28DC19 /* FakturusTrackTests.xctest */,
			);
			name = Products;
			sourceTree = "<group>";
		};
		F392299C3B32B723F8DED731 = {
			isa = PBXGroup;
			children = (
				5CE971E2046C6F255CC0997E /* FakturusTrack */,
				29BCA0AD99E1253D2CFC9276 /* FakturusTrackTests */,
				DC2E622F9ACA568816957586 /* Products */,
			);
			sourceTree = "<group>";
		};
		F758047FCBA3A1606D5EF7D1 /* Shell */ = {
			isa = PBXGroup;
			children = (
				3D13F6A118D54E4FFADFD26A /* ContentView.swift */,
				A1697E6228C5FAC8F3EA8009 /* PlaceholderView.swift */,
			);
			path = Shell;
			sourceTree = "<group>";
		};
		P2A001G001 /* Settings */ = {
			isa = PBXGroup;
			children = (
				P2A001F009 /* SchoolHolidaysScreen.swift */,
				P2A001F007 /* SettingsView.swift */,
				P2A001F008 /* SettingsViewModel.swift */,
			);
			path = Settings;
			sourceTree = "<group>";
		};
		P2A001G002 /* Vacation */ = {
			isa = PBXGroup;
			children = (
				P2A001F010 /* VacationScreen.swift */,
				P2A001F011 /* VacationViewModel.swift */,
			);
			path = Vacation;
			sourceTree = "<group>";
		};
		P2A001G003 /* Overview */ = {
			isa = PBXGroup;
			children = (
				P2A001F014 /* MonthlyOvertimeTable.swift */,
				P2A001F012 /* OverviewScreen.swift */,
				P2A001F013 /* OverviewViewModel.swift */,
			);
			path = Overview;
			sourceTree = "<group>";
		};
/* End PBXGroup section */

/* Begin PBXNativeTarget section */
		2E0975C0AB8920BDC00DAF60 /* FakturusTrackTests */ = {
			isa = PBXNativeTarget;
			buildConfigurationList = 7D7695F7B205F6680B7FD308 /* Build configuration list for PBXNativeTarget "FakturusTrackTests" */;
			buildPhases = (
				2F6B13C44209794292B6C270 /* Sources */,
			);
			buildRules = (
			);
			dependencies = (
				B929F8D0A920E32252B06B06 /* PBXTargetDependency */,
			);
			name = FakturusTrackTests;
			packageProductDependencies = (
			);
			productName = FakturusTrackTests;
			productReference = 439B2F7941F0397F8F28DC19 /* FakturusTrackTests.xctest */;
			productType = "com.apple.product-type.bundle.unit-test";
		};
		8B1ED4FE8BCFFE644AE5B5A2 /* FakturusTrack */ = {
			isa = PBXNativeTarget;
			buildConfigurationList = 44552B515C696B870E2DD917 /* Build configuration list for PBXNativeTarget "FakturusTrack" */;
			buildPhases = (
				890B352917D1E0B2A4D3E155 /* Sources */,
				59D53D3B1B5D2FC67C92B0A3 /* Frameworks */,
			);
			buildRules = (
			);
			dependencies = (
			);
			name = FakturusTrack;
			packageProductDependencies = (
				648193C838457B6E9ADD222E /* MSAL */,
			);
			productName = FakturusTrack;
			productReference = 28D414AAD4A875A991AC74D6 /* FakturusTrack.app */;
			productType = "com.apple.product-type.application";
		};
/* End PBXNativeTarget section */

/* Begin PBXProject section */
		349EC462A67D3778746C936A /* Project object */ = {
			isa = PBXProject;
			attributes = {
				BuildIndependentTargetsInParallel = YES;
				LastUpgradeCheck = 1600;
			};
			buildConfigurationList = AE37933E70471DCD10F349EA /* Build configuration list for PBXProject "FakturusTrack" */;
			compatibilityVersion = "Xcode 14.0";
			developmentRegion = en;
			hasScannedForEncodings = 0;
			knownRegions = (
				Base,
				en,
			);
			mainGroup = F392299C3B32B723F8DED731;
			minimizedProjectReferenceProxies = 1;
			packageReferences = (
				6339FDDF1094C7363E2B31E7 /* XCRemoteSwiftPackageReference "microsoft-authentication-library-for-objc" */,
			);
			projectDirPath = "";
			projectRoot = "";
			targets = (
				8B1ED4FE8BCFFE644AE5B5A2 /* FakturusTrack */,
				2E0975C0AB8920BDC00DAF60 /* FakturusTrackTests */,
			);
		};
/* End PBXProject section */

/* Begin PBXSourcesBuildPhase section */
		2F6B13C44209794292B6C270 /* Sources */ = {
			isa = PBXSourcesBuildPhase;
			buildActionMask = 2147483647;
			files = (
				A1B2C3D4E5F60001AABB0001 /* TimeTrackingViewModelTests.swift in Sources */,
				A1B2C3D4E5F60001AABB0002 /* SyncEngineTests.swift in Sources */,
			);
			runOnlyForDeploymentPostprocessing = 0;
		};
		890B352917D1E0B2A4D3E155 /* Sources */ = {
			isa = PBXSourcesBuildPhase;
			buildActionMask = 2147483647;
			files = (
				16BFBCC7A682EE173CBFFF64 /* APIClient+Endpoints.swift in Sources */,
				37A6529E278EDBD4E765F3C7 /* APIClient.swift in Sources */,
				05449BE83C8847B740A9E292 /* ActiveSessionCard.swift in Sources */,
				CC66D77D06DA01AF305D9A36 /* AppState.swift in Sources */,
				4E56572F3C93C2D72E7DA67A /* ArbZGBanner.swift in Sources */,
				07D1CAEBF1E1647330CFD021 /* AuthManager.swift in Sources */,
				53721414EC854EFFB3EEFA74 /* Configuration.swift in Sources */,
				90813EB11DE08CAFFACD338C /* ContentView.swift in Sources */,
				99545DE75389448DC7BE720A /* DTOs.swift in Sources */,
				F4346A4E82B4662E16C46BB9 /* Date+Formatting.swift in Sources */,
				90811DEE84DED92DBD831562 /* FakturusTrackApp.swift in Sources */,
				BFD2700690317384024EFCCB /* InitialSyncView.swift in Sources */,
				31CA259B1B23B1D3DD9C906A /* LoginView.swift in Sources */,
				DCCAA63E8648E16042862744 /* MonthGroup.swift in Sources */,
				4A69BCBD69BC0F5F7E3FE926 /* NetworkMonitor.swift in Sources */,
				0F3203C76390D9C153575805 /* OfflineBanner.swift in Sources */,
				D76D1C2ABA8B481AD48CC0E9 /* PendingDelete.swift in Sources */,
				335960C5ED7F81D401279049 /* PersistenceManager.swift in Sources */,
				947002DEDE7AAE37B00D6705 /* PlaceholderView.swift in Sources */,
				555A41C0126C505F2052FE74 /* ServiceContainer.swift in Sources */,
				E4CE68D066CD7C6FA88D5D42 /* SessionDetailSheet.swift in Sources */,
				C04AD32B808E91EEAF520537 /* SessionRow.swift in Sources */,
				1356A1DD0CF0F7CB01C757B1 /* SyncEngine.swift in Sources */,
				195E98357F9673C32F489B52 /* SyncStatusView.swift in Sources */,
				C42EF84FD21D0E583D008057 /* Theme.swift in Sources */,
				021A49003C423339B404B732 /* TimeInterval+Display.swift in Sources */,
				E400C8538C5FC25949A2D04B /* TimeTrackingView.swift in Sources */,
				D578EA4B178F26018C1747CD /* TimeTrackingViewModel.swift in Sources */,
				22800BDAA875754ECFE6AD35 /* TimerDisplay.swift in Sources */,
				BE1F3B2E7C4C0C685C04AF33 /* UserSettings.swift in Sources */,
				E05E76AE7940CAAD510B318A /* VacationDay.swift in Sources */,
				E8D3DCA1D29484B3202E6284 /* WorkSession.swift in Sources */,
				P2A001B001 /* HolidayCalculator.swift in Sources */,
				P2A001B002 /* WorkdaySelector.swift in Sources */,
				P2A001B003 /* BundeslandPicker.swift in Sources */,
				P2A001B004 /* OvertimeCard.swift in Sources */,
				P2A001B005 /* VacationCalendar.swift in Sources */,
				P2A001B006 /* SchoolHolidayPeriod.swift in Sources */,
				P2A001B007 /* SettingsView.swift in Sources */,
				P2A001B008 /* SettingsViewModel.swift in Sources */,
				P2A001B009 /* SchoolHolidaysScreen.swift in Sources */,
				P2A001B010 /* VacationScreen.swift in Sources */,
				P2A001B011 /* VacationViewModel.swift in Sources */,
				P2A001B012 /* OverviewScreen.swift in Sources */,
				P2A001B013 /* OverviewViewModel.swift in Sources */,
				P2A001B014 /* MonthlyOvertimeTable.swift in Sources */,
				E04A001B001 /* SickDay.swift in Sources */,
				E06A001B001 /* PDFReportGenerator.swift in Sources */,
				E06A001B002 /* CSVExporter.swift in Sources */,
			);
			runOnlyForDeploymentPostprocessing = 0;
		};
/* End PBXSourcesBuildPhase section */

/* Begin PBXTargetDependency section */
		B929F8D0A920E32252B06B06 /* PBXTargetDependency */ = {
			isa = PBXTargetDependency;
			target = 8B1ED4FE8BCFFE644AE5B5A2 /* FakturusTrack */;
			targetProxy = 59998CB5AA955B8BCE6FF3F9 /* PBXContainerItemProxy */;
		};
/* End PBXTargetDependency section */

/* Begin XCBuildConfiguration section */
		08D7D312F7FF7C6E9CC9D442 /* Release */ = {
			isa = XCBuildConfiguration;
			buildSettings = {
				ALWAYS_SEARCH_USER_PATHS = NO;
				CLANG_ANALYZER_NONNULL = YES;
				CLANG_ANALYZER_NUMBER_OBJECT_CONVERSION = YES_AGGRESSIVE;
				CLANG_CXX_LANGUAGE_STANDARD = "gnu++14";
				CLANG_CXX_LIBRARY = "libc++";
				CLANG_ENABLE_MODULES = YES;
				CLANG_ENABLE_OBJC_ARC = YES;
				CLANG_ENABLE_OBJC_WEAK = YES;
				CLANG_WARN_BLOCK_CAPTURE_AUTORELEASING = YES;
				CLANG_WARN_BOOL_CONVERSION = YES;
				CLANG_WARN_COMMA = YES;
				CLANG_WARN_CONSTANT_CONVERSION = YES;
				CLANG_WARN_DEPRECATED_OBJC_IMPLEMENTATIONS = YES;
				CLANG_WARN_DIRECT_OBJC_ISA_USAGE = YES_ERROR;
				CLANG_WARN_DOCUMENTATION_COMMENTS = YES;
				CLANG_WARN_EMPTY_BODY = YES;
				CLANG_WARN_ENUM_CONVERSION = YES;
				CLANG_WARN_INFINITE_RECURSION = YES;
				CLANG_WARN_INT_CONVERSION = YES;
				CLANG_WARN_NON_LITERAL_NULL_CONVERSION = YES;
				CLANG_WARN_OBJC_IMPLICIT_RETAIN_SELF = YES;
				CLANG_WARN_OBJC_LITERAL_CONVERSION = YES;
				CLANG_WARN_OBJC_ROOT_CLASS = YES_ERROR;
				CLANG_WARN_QUOTED_INCLUDE_IN_FRAMEWORK_HEADER = YES;
				CLANG_WARN_RANGE_LOOP_ANALYSIS = YES;
				CLANG_WARN_STRICT_PROTOTYPES = YES;
				CLANG_WARN_SUSPICIOUS_MOVE = YES;
				CLANG_WARN_UNGUARDED_AVAILABILITY = YES_AGGRESSIVE;
				CLANG_WARN_UNREACHABLE_CODE = YES;
				CLANG_WARN__DUPLICATE_METHOD_MATCH = YES;
				COPY_PHASE_STRIP = NO;
				CURRENT_PROJECT_VERSION = 1;
				DEBUG_INFORMATION_FORMAT = "dwarf-with-dsym";
				ENABLE_NS_ASSERTIONS = NO;
				ENABLE_STRICT_OBJC_MSGSEND = YES;
				GCC_C_LANGUAGE_STANDARD = gnu11;
				GCC_NO_COMMON_BLOCKS = YES;
				GCC_WARN_64_TO_32_BIT_CONVERSION = YES;
				GCC_WARN_ABOUT_RETURN_TYPE = YES_ERROR;
				GCC_WARN_UNDECLARED_SELECTOR = YES;
				GCC_WARN_UNINITIALIZED_AUTOS = YES_AGGRESSIVE;
				GCC_WARN_UNUSED_FUNCTION = YES;
				GCC_WARN_UNUSED_VARIABLE = YES;
				IPHONEOS_DEPLOYMENT_TARGET = 17.0;
				MARKETING_VERSION = 1.0.0;
				MTL_ENABLE_DEBUG_INFO = NO;
				MTL_FAST_MATH = YES;
				PRODUCT_NAME = "$(TARGET_NAME)";
				SDKROOT = iphoneos;
				SWIFT_COMPILATION_MODE = wholemodule;
				SWIFT_OPTIMIZATION_LEVEL = "-O";
				SWIFT_STRICT_CONCURRENCY = complete;
				SWIFT_VERSION = 6.0;
			};
			name = Release;
		};
		510085BDC266F9D69B3A8378 /* Release */ = {
			isa = XCBuildConfiguration;
			buildSettings = {
				ASSETCATALOG_COMPILER_APPICON_NAME = AppIcon;
				CODE_SIGN_ENTITLEMENTS = FakturusTrack/FakturusTrack.entitlements;
				CODE_SIGN_IDENTITY = "iPhone Developer";
				DEVELOPMENT_TEAM = 2879WTRWHY;
				INFOPLIST_FILE = FakturusTrack/Info.plist;
				LD_RUNPATH_SEARCH_PATHS = (
					"$(inherited)",
					"@executable_path/Frameworks",
				);
				PRODUCT_BUNDLE_IDENTIFIER = com.fakturus.track;
				SDKROOT = iphoneos;
				TARGETED_DEVICE_FAMILY = "1,2";
			};
			name = Release;
		};
		616875D4B9028B6A9A9C1206 /* Debug */ = {
			isa = XCBuildConfiguration;
			buildSettings = {
				ASSETCATALOG_COMPILER_APPICON_NAME = AppIcon;
				CODE_SIGN_ENTITLEMENTS = FakturusTrack/FakturusTrack.entitlements;
				CODE_SIGN_IDENTITY = "iPhone Developer";
				DEVELOPMENT_TEAM = 2879WTRWHY;
				INFOPLIST_FILE = FakturusTrack/Info.plist;
				LD_RUNPATH_SEARCH_PATHS = (
					"$(inherited)",
					"@executable_path/Frameworks",
				);
				PRODUCT_BUNDLE_IDENTIFIER = com.fakturus.track;
				SDKROOT = iphoneos;
				TARGETED_DEVICE_FAMILY = "1,2";
			};
			name = Debug;
		};
		950DBA2CF2CBE5E234B79FD8 /* Debug */ = {
			isa = XCBuildConfiguration;
			buildSettings = {
				ALWAYS_SEARCH_USER_PATHS = NO;
				CLANG_ANALYZER_NONNULL = YES;
				CLANG_ANALYZER_NUMBER_OBJECT_CONVERSION = YES_AGGRESSIVE;
				CLANG_CXX_LANGUAGE_STANDARD = "gnu++14";
				CLANG_CXX_LIBRARY = "libc++";
				CLANG_ENABLE_MODULES = YES;
				CLANG_ENABLE_OBJC_ARC = YES;
				CLANG_ENABLE_OBJC_WEAK = YES;
				CLANG_WARN_BLOCK_CAPTURE_AUTORELEASING = YES;
				CLANG_WARN_BOOL_CONVERSION = YES;
				CLANG_WARN_COMMA = YES;
				CLANG_WARN_CONSTANT_CONVERSION = YES;
				CLANG_WARN_DEPRECATED_OBJC_IMPLEMENTATIONS = YES;
				CLANG_WARN_DIRECT_OBJC_ISA_USAGE = YES_ERROR;
				CLANG_WARN_DOCUMENTATION_COMMENTS = YES;
				CLANG_WARN_EMPTY_BODY = YES;
				CLANG_WARN_ENUM_CONVERSION = YES;
				CLANG_WARN_INFINITE_RECURSION = YES;
				CLANG_WARN_INT_CONVERSION = YES;
				CLANG_WARN_NON_LITERAL_NULL_CONVERSION = YES;
				CLANG_WARN_OBJC_IMPLICIT_RETAIN_SELF = YES;
				CLANG_WARN_OBJC_LITERAL_CONVERSION = YES;
				CLANG_WARN_OBJC_ROOT_CLASS = YES_ERROR;
				CLANG_WARN_QUOTED_INCLUDE_IN_FRAMEWORK_HEADER = YES;
				CLANG_WARN_RANGE_LOOP_ANALYSIS = YES;
				CLANG_WARN_STRICT_PROTOTYPES = YES;
				CLANG_WARN_SUSPICIOUS_MOVE = YES;
				CLANG_WARN_UNGUARDED_AVAILABILITY = YES_AGGRESSIVE;
				CLANG_WARN_UNREACHABLE_CODE = YES;
				CLANG_WARN__DUPLICATE_METHOD_MATCH = YES;
				COPY_PHASE_STRIP = NO;
				CURRENT_PROJECT_VERSION = 1;
				DEBUG_INFORMATION_FORMAT = dwarf;
				ENABLE_STRICT_OBJC_MSGSEND = YES;
				ENABLE_TESTABILITY = YES;
				GCC_C_LANGUAGE_STANDARD = gnu11;
				GCC_DYNAMIC_NO_PIC = NO;
				GCC_NO_COMMON_BLOCKS = YES;
				GCC_OPTIMIZATION_LEVEL = 0;
				GCC_PREPROCESSOR_DEFINITIONS = (
					"$(inherited)",
					"DEBUG=1",
				);
				GCC_WARN_64_TO_32_BIT_CONVERSION = YES;
				GCC_WARN_ABOUT_RETURN_TYPE = YES_ERROR;
				GCC_WARN_UNDECLARED_SELECTOR = YES;
				GCC_WARN_UNINITIALIZED_AUTOS = YES_AGGRESSIVE;
				GCC_WARN_UNUSED_FUNCTION = YES;
				GCC_WARN_UNUSED_VARIABLE = YES;
				IPHONEOS_DEPLOYMENT_TARGET = 17.0;
				MARKETING_VERSION = 1.0.0;
				MTL_ENABLE_DEBUG_INFO = INCLUDE_SOURCE;
				MTL_FAST_MATH = YES;
				ONLY_ACTIVE_ARCH = YES;
				PRODUCT_NAME = "$(TARGET_NAME)";
				SDKROOT = iphoneos;
				SWIFT_ACTIVE_COMPILATION_CONDITIONS = DEBUG;
				SWIFT_OPTIMIZATION_LEVEL = "-Onone";
				SWIFT_STRICT_CONCURRENCY = complete;
				SWIFT_VERSION = 6.0;
			};
			name = Debug;
		};
		AC942120AA847AA6C994883E /* Release */ = {
			isa = XCBuildConfiguration;
			buildSettings = {
				BUNDLE_LOADER = "$(TEST_HOST)";
				GENERATE_INFOPLIST_FILE = YES;
				LD_RUNPATH_SEARCH_PATHS = (
					"$(inherited)",
					"@executable_path/Frameworks",
					"@loader_path/Frameworks",
				);
				PRODUCT_BUNDLE_IDENTIFIER = com.fakturus.track.tests;
				SDKROOT = iphoneos;
				SWIFT_VERSION = 6.0;
				TARGETED_DEVICE_FAMILY = "1,2";
				TEST_HOST = "$(BUILT_PRODUCTS_DIR)/FakturusTrack.app/FakturusTrack";
			};
			name = Release;
		};
		B1D0B22DEB555406F89D3DA6 /* Debug */ = {
			isa = XCBuildConfiguration;
			buildSettings = {
				BUNDLE_LOADER = "$(TEST_HOST)";
				GENERATE_INFOPLIST_FILE = YES;
				LD_RUNPATH_SEARCH_PATHS = (
					"$(inherited)",
					"@executable_path/Frameworks",
					"@loader_path/Frameworks",
				);
				PRODUCT_BUNDLE_IDENTIFIER = com.fakturus.track.tests;
				SDKROOT = iphoneos;
				SWIFT_VERSION = 6.0;
				TARGETED_DEVICE_FAMILY = "1,2";
				TEST_HOST = "$(BUILT_PRODUCTS_DIR)/FakturusTrack.app/FakturusTrack";
			};
			name = Debug;
		};
/* End XCBuildConfiguration section */

/* Begin XCConfigurationList section */
		44552B515C696B870E2DD917 /* Build configuration list for PBXNativeTarget "FakturusTrack" */ = {
			isa = XCConfigurationList;
			buildConfigurations = (
				616875D4B9028B6A9A9C1206 /* Debug */,
				510085BDC266F9D69B3A8378 /* Release */,
			);
			defaultConfigurationIsVisible = 0;
			defaultConfigurationName = Debug;
		};
		7D7695F7B205F6680B7FD308 /* Build configuration list for PBXNativeTarget "FakturusTrackTests" */ = {
			isa = XCConfigurationList;
			buildConfigurations = (
				B1D0B22DEB555406F89D3DA6 /* Debug */,
				AC942120AA847AA6C994883E /* Release */,
			);
			defaultConfigurationIsVisible = 0;
			defaultConfigurationName = Debug;
		};
		AE37933E70471DCD10F349EA /* Build configuration list for PBXProject "FakturusTrack" */ = {
			isa = XCConfigurationList;
			buildConfigurations = (
				950DBA2CF2CBE5E234B79FD8 /* Debug */,
				08D7D312F7FF7C6E9CC9D442 /* Release */,
			);
			defaultConfigurationIsVisible = 0;
			defaultConfigurationName = Debug;
		};
/* End XCConfigurationList section */

/* Begin XCRemoteSwiftPackageReference section */
		6339FDDF1094C7363E2B31E7 /* XCRemoteSwiftPackageReference "microsoft-authentication-library-for-objc" */ = {
			isa = XCRemoteSwiftPackageReference;
			repositoryURL = "https://github.com/AzureAD/microsoft-authentication-library-for-objc";
			requirement = {
				kind = upToNextMajorVersion;
				minimumVersion = 1.5.0;
			};
		};
/* End XCRemoteSwiftPackageReference section */

/* Begin XCSwiftPackageProductDependency section */
		648193C838457B6E9ADD222E /* MSAL */ = {
			isa = XCSwiftPackageProductDependency;
			package = 6339FDDF1094C7363E2B31E7 /* XCRemoteSwiftPackageReference "microsoft-authentication-library-for-objc" */;
			productName = MSAL;
		};
/* End XCSwiftPackageProductDependency section */
	};
	rootObject = 349EC462A67D3778746C936A /* Project object */;
}
